
Microsoft Visual Studio Solution File, Format Version 12.00
# Visual Studio Version 17
VisualStudioVersion = 17.9.34616.47
MinimumVisualStudioVersion = 10.0.40219.1
Project("{8BC9CEB8-8B4A-11D0-8D11-00A0C91BC942}") = "my compiler", "my compiler\my compiler.vcxproj", "{36250AD7-0585-4451-958C-DAE7D19E0E6B}"
EndProject
Global
	GlobalSection(SolutionConfigurationPlatforms) = preSolution
		Debug|x64 = Debug|x64
		Debug|x86 = Debug|x86
		Release|x64 = Release|x64
		Release|x86 = Release|x86
	EndGlobalSection
	GlobalSection(ProjectConfigurationPlatforms) = postSolution
		{36250AD7-0585-4451-958C-DAE7D19E0E6B}.Debug|x64.ActiveCfg = Debug|x64
		{36250AD7-0585-4451-958C-DAE7D19E0E6B}.Debug|x64.Build.0 = Debug|x64
		{36250AD7-0585-4451-958C-DAE7D19E0E6B}.Debug|x86.ActiveCfg = Debug|Win32
		{36250AD7-0585-4451-958C-DAE7D19E0E6B}.Debug|x86.Build.0 = Debug|Win32
		{36250AD7-0585-4451-958C-DAE7D19E0E6B}.Release|x64.ActiveCfg = Release|x64
		{36250AD7-0585-4451-958C-DAE7D19E0E6B}.Release|x64.Build.0 = Release|x64
		{36250AD7-0585-4451-958C-DAE7D19E0E6B}.Release|x86.ActiveCfg = Release|Win32
		{36250AD7-0585-4451-958C-DAE7D19E0E6B}.Release|x86.Build.0 = Release|Win32
	EndGlobalSection
	GlobalSection(SolutionProperties) = preSolution
		HideSolutionNode = FALSE
	EndGlobalSection
	GlobalSection(ExtensibilityGlobals) = postSolution
		SolutionGuid = {853B5DE7-D4B4-4DFD-852C-8A1A9B6FA5D2}
	EndGlobalSection
EndGlobal
